
Microsoft Visual Studio Solution File, Format Version 12.00
Project("{FAE04EC0-301F-11D3-BF4B-00C04F79EFBC}") = "Registration.Tests", "MediatorPattern\Registration.Tests\Registration.Tests.csproj", "{3F37A8AD-38AF-4564-B4A9-7A45CE0761A3}"
EndProject
Project("{2150E333-8FDC-42A3-9474-1A3956D46DE8}") = "MediatorPattern", "MediatorPattern", "{DE0802FD-8C60-4B7D-BFE4-11AA5C72C3AC}"
EndProject
Project("{FAE04EC0-301F-11D3-BF4B-00C04F79EFBC}") = "Registration.API", "MediatorPattern\Registration.API\Registration.API.csproj", "{D1998C7C-6991-4919-B25E-74D8E0A29333}"
EndProject
Project("{FAE04EC0-301F-11D3-BF4B-00C04F79EFBC}") = "Registration", "MediatorPattern\Registration\Registration.csproj", "{766AB155-A966-40B5-8326-AB01C4DE6DDA}"
EndProject
Project("{FAE04EC0-301F-11D3-BF4B-00C04F79EFBC}") = "DataAccess.Tests", "MediatorPattern\DataAccess.Tests\DataAccess.Tests.csproj", "{7A61A5FE-0DAE-4D90-BC67-2E0D52DD1EBC}"
EndProject
Project("{FAE04EC0-301F-11D3-BF4B-00C04F79EFBC}") = "DataAccess", "MediatorPattern\DataAccess\DataAccess.csproj", "{0A0258B8-8F50-4314-8CCA-5DF68DC997C6}"
EndProject
Project("{2150E333-8FDC-42A3-9474-1A3956D46DE8}") = "ConsoleTestApp", "ConsoleTestApp", "{44DAF29E-AD5A-4696-B949-A8DC36D4590F}"
EndProject
Project("{FAE04EC0-301F-11D3-BF4B-00C04F79EFBC}") = "ConsoleTestApp", "ConsoleTestApp\ConsoleTestApp\ConsoleTestApp.csproj", "{BC4D62D9-D4FC-4D48-A5A2-D951BA9BE7DD}"
EndProject
Project("{FAE04EC0-301F-11D3-BF4B-00C04F79EFBC}") = "ConsoleClassLibrary", "ConsoleTestApp\ConsoleClassLibrary\ConsoleClassLibrary.csproj", "{E22C4657-CDDC-4E47-AF20-4ED50DED9B92}"
EndProject
Global
	GlobalSection(SolutionConfigurationPlatforms) = preSolution
		Debug|Any CPU = Debug|Any CPU
		Release|Any CPU = Release|Any CPU
	EndGlobalSection
	GlobalSection(ProjectConfigurationPlatforms) = postSolution
		{6E78A997-370F-4B35-BAFA-DD966B8DF529}.Debug|Any CPU.ActiveCfg = Debug|Any CPU
		{6E78A997-370F-4B35-BAFA-DD966B8DF529}.Debug|Any CPU.Build.0 = Debug|Any CPU
		{6E78A997-370F-4B35-BAFA-DD966B8DF529}.Release|Any CPU.ActiveCfg = Release|Any CPU
		{6E78A997-370F-4B35-BAFA-DD966B8DF529}.Release|Any CPU.Build.0 = Release|Any CPU
		{B36B594C-C554-4061-B4BE-427C34512EF4}.Debug|Any CPU.ActiveCfg = Debug|Any CPU
		{B36B594C-C554-4061-B4BE-427C34512EF4}.Debug|Any CPU.Build.0 = Debug|Any CPU
		{B36B594C-C554-4061-B4BE-427C34512EF4}.Release|Any CPU.ActiveCfg = Release|Any CPU
		{B36B594C-C554-4061-B4BE-427C34512EF4}.Release|Any CPU.Build.0 = Release|Any CPU
		{2F188C3F-1862-4CF8-9C80-86608CD7DFC9}.Debug|Any CPU.ActiveCfg = Debug|Any CPU
		{2F188C3F-1862-4CF8-9C80-86608CD7DFC9}.Debug|Any CPU.Build.0 = Debug|Any CPU
		{2F188C3F-1862-4CF8-9C80-86608CD7DFC9}.Release|Any CPU.ActiveCfg = Release|Any CPU
		{2F188C3F-1862-4CF8-9C80-86608CD7DFC9}.Release|Any CPU.Build.0 = Release|Any CPU
		{476C573F-AF65-4115-87F6-3A28FA822200}.Debug|Any CPU.ActiveCfg = Debug|Any CPU
		{476C573F-AF65-4115-87F6-3A28FA822200}.Debug|Any CPU.Build.0 = Debug|Any CPU
		{476C573F-AF65-4115-87F6-3A28FA822200}.Release|Any CPU.ActiveCfg = Release|Any CPU
		{476C573F-AF65-4115-87F6-3A28FA822200}.Release|Any CPU.Build.0 = Release|Any CPU
		{C8C91432-DC25-46E3-9829-AA9CF12ED012}.Debug|Any CPU.ActiveCfg = Debug|Any CPU
		{C8C91432-DC25-46E3-9829-AA9CF12ED012}.Debug|Any CPU.Build.0 = Debug|Any CPU
		{C8C91432-DC25-46E3-9829-AA9CF12ED012}.Release|Any CPU.ActiveCfg = Release|Any CPU
		{C8C91432-DC25-46E3-9829-AA9CF12ED012}.Release|Any CPU.Build.0 = Release|Any CPU
		{4DC30BA8-D6C2-4796-8535-546BC34B88F2}.Debug|Any CPU.ActiveCfg = Debug|Any CPU
		{4DC30BA8-D6C2-4796-8535-546BC34B88F2}.Debug|Any CPU.Build.0 = Debug|Any CPU
		{4DC30BA8-D6C2-4796-8535-546BC34B88F2}.Release|Any CPU.ActiveCfg = Release|Any CPU
		{4DC30BA8-D6C2-4796-8535-546BC34B88F2}.Release|Any CPU.Build.0 = Release|Any CPU
		{C46A28DC-D6B3-4075-A0AF-ACDF4BB932BE}.Debug|Any CPU.ActiveCfg = Debug|Any CPU
		{C46A28DC-D6B3-4075-A0AF-ACDF4BB932BE}.Debug|Any CPU.Build.0 = Debug|Any CPU
		{C46A28DC-D6B3-4075-A0AF-ACDF4BB932BE}.Release|Any CPU.ActiveCfg = Release|Any CPU
		{C46A28DC-D6B3-4075-A0AF-ACDF4BB932BE}.Release|Any CPU.Build.0 = Release|Any CPU
		{3F37A8AD-38AF-4564-B4A9-7A45CE0761A3}.Debug|Any CPU.ActiveCfg = Debug|Any CPU
		{3F37A8AD-38AF-4564-B4A9-7A45CE0761A3}.Debug|Any CPU.Build.0 = Debug|Any CPU
		{3F37A8AD-38AF-4564-B4A9-7A45CE0761A3}.Release|Any CPU.ActiveCfg = Release|Any CPU
		{3F37A8AD-38AF-4564-B4A9-7A45CE0761A3}.Release|Any CPU.Build.0 = Release|Any CPU
		{D1998C7C-6991-4919-B25E-74D8E0A29333}.Debug|Any CPU.ActiveCfg = Debug|Any CPU
		{D1998C7C-6991-4919-B25E-74D8E0A29333}.Debug|Any CPU.Build.0 = Debug|Any CPU
		{D1998C7C-6991-4919-B25E-74D8E0A29333}.Release|Any CPU.ActiveCfg = Release|Any CPU
		{D1998C7C-6991-4919-B25E-74D8E0A29333}.Release|Any CPU.Build.0 = Release|Any CPU
		{766AB155-A966-40B5-8326-AB01C4DE6DDA}.Debug|Any CPU.ActiveCfg = Debug|Any CPU
		{766AB155-A966-40B5-8326-AB01C4DE6DDA}.Debug|Any CPU.Build.0 = Debug|Any CPU
		{766AB155-A966-40B5-8326-AB01C4DE6DDA}.Release|Any CPU.ActiveCfg = Release|Any CPU
		{766AB155-A966-40B5-8326-AB01C4DE6DDA}.Release|Any CPU.Build.0 = Release|Any CPU
		{7A61A5FE-0DAE-4D90-BC67-2E0D52DD1EBC}.Debug|Any CPU.ActiveCfg = Debug|Any CPU
		{7A61A5FE-0DAE-4D90-BC67-2E0D52DD1EBC}.Debug|Any CPU.Build.0 = Debug|Any CPU
		{7A61A5FE-0DAE-4D90-BC67-2E0D52DD1EBC}.Release|Any CPU.ActiveCfg = Release|Any CPU
		{7A61A5FE-0DAE-4D90-BC67-2E0D52DD1EBC}.Release|Any CPU.Build.0 = Release|Any CPU
		{0A0258B8-8F50-4314-8CCA-5DF68DC997C6}.Debug|Any CPU.ActiveCfg = Debug|Any CPU
		{0A0258B8-8F50-4314-8CCA-5DF68DC997C6}.Debug|Any CPU.Build.0 = Debug|Any CPU
		{0A0258B8-8F50-4314-8CCA-5DF68DC997C6}.Release|Any CPU.ActiveCfg = Release|Any CPU
		{0A0258B8-8F50-4314-8CCA-5DF68DC997C6}.Release|Any CPU.Build.0 = Release|Any CPU
		{BC4D62D9-D4FC-4D48-A5A2-D951BA9BE7DD}.Debug|Any CPU.ActiveCfg = Debug|Any CPU
		{BC4D62D9-D4FC-4D48-A5A2-D951BA9BE7DD}.Debug|Any CPU.Build.0 = Debug|Any CPU
		{BC4D62D9-D4FC-4D48-A5A2-D951BA9BE7DD}.Release|Any CPU.ActiveCfg = Release|Any CPU
		{BC4D62D9-D4FC-4D48-A5A2-D951BA9BE7DD}.Release|Any CPU.Build.0 = Release|Any CPU
		{E22C4657-CDDC-4E47-AF20-4ED50DED9B92}.Debug|Any CPU.ActiveCfg = Debug|Any CPU
		{E22C4657-CDDC-4E47-AF20-4ED50DED9B92}.Debug|Any CPU.Build.0 = Debug|Any CPU
		{E22C4657-CDDC-4E47-AF20-4ED50DED9B92}.Release|Any CPU.ActiveCfg = Release|Any CPU
		{E22C4657-CDDC-4E47-AF20-4ED50DED9B92}.Release|Any CPU.Build.0 = Release|Any CPU
	EndGlobalSection
	GlobalSection(NestedProjects) = preSolution
		{B36B594C-C554-4061-B4BE-427C34512EF4} = {795E66E3-E53F-442F-9DCF-FEEEBA5F4835}
		{2F188C3F-1862-4CF8-9C80-86608CD7DFC9} = {795E66E3-E53F-442F-9DCF-FEEEBA5F4835}
		{476C573F-AF65-4115-87F6-3A28FA822200} = {795E66E3-E53F-442F-9DCF-FEEEBA5F4835}
		{6E78A997-370F-4B35-BAFA-DD966B8DF529} = {795E66E3-E53F-442F-9DCF-FEEEBA5F4835}
		{C8C91432-DC25-46E3-9829-AA9CF12ED012} = {795E66E3-E53F-442F-9DCF-FEEEBA5F4835}
		{4DC30BA8-D6C2-4796-8535-546BC34B88F2} = {EBBF20DE-36BE-47B0-8E30-800C80E59F23}
		{3F37A8AD-38AF-4564-B4A9-7A45CE0761A3} = {DE0802FD-8C60-4B7D-BFE4-11AA5C72C3AC}
		{D1998C7C-6991-4919-B25E-74D8E0A29333} = {DE0802FD-8C60-4B7D-BFE4-11AA5C72C3AC}
		{766AB155-A966-40B5-8326-AB01C4DE6DDA} = {DE0802FD-8C60-4B7D-BFE4-11AA5C72C3AC}
		{7A61A5FE-0DAE-4D90-BC67-2E0D52DD1EBC} = {DE0802FD-8C60-4B7D-BFE4-11AA5C72C3AC}
		{0A0258B8-8F50-4314-8CCA-5DF68DC997C6} = {DE0802FD-8C60-4B7D-BFE4-11AA5C72C3AC}
		{BC4D62D9-D4FC-4D48-A5A2-D951BA9BE7DD} = {44DAF29E-AD5A-4696-B949-A8DC36D4590F}
		{E22C4657-CDDC-4E47-AF20-4ED50DED9B92} = {44DAF29E-AD5A-4696-B949-A8DC36D4590F}
	EndGlobalSection
EndGlobal
